# DO NOT EDIT MANUALLY - Managed by Fern Replay
version: "1.0"
generations:
  - commit_sha: 75f537a2fa3ca2e3708cc98bdc39c5adf9517c58
    tree_hash: 1829d53c8a281f635e4c280457069265dadffdea
    timestamp: 2026-08-04T12:16:05.448Z
    cli_version: unknown
    generator_versions: {}
current_generation: 75f537a2fa3ca2e3708cc98bdc39c5adf9517c58
patches: []
